Microsoft Visual Studio Solution File, Format Version 12.00
# Visual Studio Version 17
VisualStudioVersion = 17.5.2.0
MinimumVisualStudioVersion = 10.0.40219.1
Project("{FAE04EC0-301F-11D3-BF4B-00C04F79EFBC}") = "SystemInfoMonitorService", "SystemInfoMonitorService.csproj", "{AA08233E-4874-6CD2-81CB-E735DE872593}"
EndProject
Global
	GlobalSection(SolutionConfigurationPlatforms) = preSolution
		Debug|Any CPU = Debug|Any CPU
		Release|Any CPU = Release|Any CPU
	EndGlobalSection
	GlobalSection(ProjectConfigurationPlatforms) = postSolution
		{AA08233E-4874-6CD2-81CB-E735DE872593}.Debug|Any CPU.ActiveCfg = Debug|Any CPU
		{AA08233E-4874-6CD2-81CB-E735DE872593}.Debug|Any CPU.Build.0 = Debug|Any CPU
		{AA08233E-4874-6CD2-81CB-E735DE872593}.Release|Any CPU.ActiveCfg = Release|Any CPU
		{AA08233E-4874-6CD2-81CB-E735DE872593}.Release|Any CPU.Build.0 = Release|Any CPU
	EndGlobalSection
	GlobalSection(SolutionProperties) = preSolution
		HideSolutionNode = FALSE
	EndGlobalSection
	GlobalSection(ExtensibilityGlobals) = postSolution
		SolutionGuid = {8AE191DA-FD6F-4A2B-9DFD-A9E095B4FC99}
	EndGlobalSection
EndGlobal
